{
    "_meta": {
        "hash": {
            "sha256": "3d8a0e0e42b7dc90cc0fe2e87beaa1c54dd640c4786be8664de902bd07cc08de"
        },
        "pipfile-spec": 6,
        "requires": {
            "python_version": "3.7"
        },
        "sources": [
            {
                "name": "pypi",
                "url": "https://pypi.org/simple",
                "verify_ssl": true
            }
        ]
    },
    "default": {
        "proxy-py": {
            "hashes": [
                "sha256:7a98fbf6e508ce928a01e51a58530332bba210c1f6396130d63e275620fd49ab"
            ],
            "index": "pypi",
            "version": "==1.1.1"
        },
        "typing-extensions": {
            "hashes": [
                "sha256:2ed632b30bb54fc3941c382decfd0ee4148f5c591651c9272473fea2c6397d95",
                "sha256:b1edbbf0652660e32ae780ac9433f4231e7339c7f9a8057d0f042fcbcea49b87",
                "sha256:d8179012ec2c620d3791ca6fe2bf7979d979acdbef1fca0bc56b37411db682ed"
            ],
            "version": "==3.7.4"
        }
    },
    "develop": {}
}
